Microsoft Visual Studio Solution File, Format Version 11.00
# Visual Studio 2008

Project("{5B9AB64E-8EAF-7287-4E26-19BC81929CDA}") = "sgbg_unity_project", "Assembly-CSharp-vs.csproj", "{679122CD-8527-EAE0-B442-35F2739D1690}"
EndProject
Project("{5B9AB64E-8EAF-7287-4E26-19BC81929CDA}") = "sgbg_unity_project", "Assembly-CSharp-Editor-vs.csproj", "{79A505CA-9F05-4295-C1E5-D7F3C44FEE03}"
EndProject
Global
	GlobalSection(SolutionConfigurationPlatforms) = preSolution
		Debug|Any CPU = Debug|Any CPU
		Release|Any CPU = Release|Any CPU
	EndGlobalSection
	GlobalSection(ProjectConfigurationPlatforms) = postSolution
		{679122CD-8527-EAE0-B442-35F2739D1690}.Debug|Any CPU.ActiveCfg = Debug|Any CPU
		{679122CD-8527-EAE0-B442-35F2739D1690}.Debug|Any CPU.Build.0 = Debug|Any CPU
		{679122CD-8527-EAE0-B442-35F2739D1690}.Release|Any CPU.ActiveCfg = Release|Any CPU
		{679122CD-8527-EAE0-B442-35F2739D1690}.Release|Any CPU.Build.0 = Release|Any CPU
		{79A505CA-9F05-4295-C1E5-D7F3C44FEE03}.Debug|Any CPU.ActiveCfg = Debug|Any CPU
		{79A505CA-9F05-4295-C1E5-D7F3C44FEE03}.Debug|Any CPU.Build.0 = Debug|Any CPU
		{79A505CA-9F05-4295-C1E5-D7F3C44FEE03}.Release|Any CPU.ActiveCfg = Release|Any CPU
		{79A505CA-9F05-4295-C1E5-D7F3C44FEE03}.Release|Any CPU.Build.0 = Release|Any CPU
	EndGlobalSection
	GlobalSection(SolutionProperties) = preSolution
		HideSolutionNode = FALSE
	EndGlobalSection
		GlobalSection(MonoDevelopProperties) = preSolution
		StartupItem = Assembly-CSharp.csproj
		Policies = $0
		$0.TextStylePolicy = $1
		$1.inheritsSet = null
		$1.scope = text/x-csharp
		$0.CSharpFormattingPolicy = $2
		$2.inheritsSet = Mono
		$2.inheritsScope = text/x-csharp
		$2.scope = text/x-csharp
		$0.TextStylePolicy = $3
		$3.FileWidth = 120
		$3.TabWidth = 4
		$3.EolMarker = Unix
		$3.inheritsSet = Mono
		$3.inheritsScope = text/plain
		$3.scope = text/plain
	EndGlobalSection

EndGlobal
